// !$*UTF8*$!
{
	archiveVersion = 1;
	classes = {
	};
	objectVersion = 56;
	objects = {

/* Begin PBXBuildFile section */
		6ECF3A5B2A2BD7700017B25A /* LandmarksApp.swift in Sources */ = {isa = PBXBuildFile; fileRef = 6ECF3A5A2A2BD7700017B25A /* LandmarksApp.swift */; };
		6ECF3A5D2A2BD7700017B25A /* ContentView.swift in Sources */ = {isa = PBXBuildFile; fileRef = 6ECF3A5C2A2BD7700017B25A /* ContentView.swift */; };
		6ECF3A5F2A2BD7710017B25A /* Assets.xcassets in Resources */ = {isa = PBXBuildFile; fileRef = 6ECF3A5E2A2BD7710017B25A /* Assets.xcassets */; };
		6ECF3A622A2BD7710017B25A /* Preview Assets.xcassets in Resources */ = {isa = PBXBuildFile; fileRef = 6ECF3A612A2BD7710017B25A /* Preview Assets.xcassets */; };
		6ECF3A692A2BDA3E0017B25A /* CircleImage.swift in Sources */ = {isa = PBXBuildFile; fileRef = 6ECF3A682A2BDA3E0017B25A /* CircleImage.swift */; };
		6ECF3A6B2A2BDADB0017B25A /* MapView.swift in Sources */ = {isa = PBXBuildFile; fileRef = 6ECF3A6A2A2BDADB0017B25A /* MapView.swift */; };
		6ECF3A6D2A2BE1780017B25A /* landmarkData.json in Resources */ = {isa = PBXBuildFile; fileRef = 6ECF3A6C2A2BE1780017B25A /* landmarkData.json */; };
		6ECF3A6F2A2BE1950017B25A /* Landmark.swift in Sources */ = {isa = PBXBuildFile; fileRef = 6ECF3A6E2A2BE1950017B25A /* Landmark.swift */; };
		6ECF3A712A2BE3460017B25A /* ModelData.swift in Sources */ = {isa = PBXBuildFile; fileRef = 6ECF3A702A2BE3460017B25A /* ModelData.swift */; };
		6ECF3A772A2BE6F20017B25A /* LandmarkRow.swift in Sources */ = {isa = PBXBuildFile; fileRef = 6ECF3A762A2BE6F20017B25A /* LandmarkRow.swift */; };
		6ECF3A792A2BE9A40017B25A /* LandmarkList.swift in Sources */ = {isa = PBXBuildFile; fileRef = 6ECF3A782A2BE9A40017B25A /* LandmarkList.swift */; };
		6ECF3A7B2A2BEAD10017B25A /* LandmarkDetail.swift in Sources */ = {isa = PBXBuildFile; fileRef = 6ECF3A7A2A2BEAD10017B25A /* LandmarkDetail.swift */; };
		6ECF3A7D2A2BFDAF0017B25A /* FavoriteButton.swift in Sources */ = {isa = PBXBuildFile; fileRef = 6ECF3A7C2A2BFDAF0017B25A /* FavoriteButton.swift */; };
/* End PBXBuildFile section */

/* Begin PBXFileReference section */
		6ECF3A572A2BD7700017B25A /* Landmarks.app */ = {isa = PBXFileReference; explicitFileType = wrapper.application; includeInIndex = 0; path = Landmarks.app; sourceTree = BUILT_PRODUCTS_DIR; };
		6ECF3A5A2A2BD7700017B25A /* LandmarksApp.swift */ = {isa = PBXFileReference; lastKnownFileType = sourcecode.swift; path = LandmarksApp.swift; sourceTree = "<group>"; };
		6ECF3A5C2A2BD7700017B25A /* ContentView.swift */ = {isa = PBXFileReference; lastKnownFileType = sourcecode.swift; path = ContentView.swift; sourceTree = "<group>"; };
		6ECF3A5E2A2BD7710017B25A /* Assets.xcassets */ = {isa = PBXFileReference; lastKnownFileType = folder.assetcatalog; path = Assets.xcassets; sourceTree = "<group>"; };
		6ECF3A612A2BD7710017B25A /* Preview Assets.xcassets */ = {isa = PBXFileReference; lastKnownFileType = folder.assetcatalog; path = "Preview Assets.xcassets"; sourceTree = "<group>"; };
		6ECF3A682A2BDA3E0017B25A /* CircleImage.swift */ = {isa = PBXFileReference; lastKnownFileType = sourcecode.swift; path = CircleImage.swift; sourceTree = "<group>"; };
		6ECF3A6A2A2BDADB0017B25A /* MapView.swift */ = {isa = PBXFileReference; lastKnownFileType = sourcecode.swift; path = MapView.swift; sourceTree = "<group>"; };
		6ECF3A6C2A2BE1780017B25A /* landmarkData.json */ = {isa = PBXFileReference; fileEncoding = 4; lastKnownFileType = text.json; path = landmarkData.json; sourceTree = "<group>"; };
		6ECF3A6E2A2BE1950017B25A /* Landmark.swift */ = {isa = PBXFileReference; lastKnownFileType = sourcecode.swift; path = Landmark.swift; sourceTree = "<group>"; };
		6ECF3A702A2BE3460017B25A /* ModelData.swift */ = {isa = PBXFileReference; lastKnownFileType = sourcecode.swift; path = ModelData.swift; sourceTree = "<group>"; };
		6ECF3A762A2BE6F20017B25A /* LandmarkRow.swift */ = {isa = PBXFileReference; lastKnownFileType = sourcecode.swift; path = LandmarkRow.swift; sourceTree = "<group>"; };
		6ECF3A782A2BE9A40017B25A /* LandmarkList.swift */ = {isa = PBXFileReference; lastKnownFileType = sourcecode.swift; path = LandmarkList.swift; sourceTree = "<group>"; };
		6ECF3A7A2A2BEAD10017B25A /* LandmarkDetail.swift */ = {isa = PBXFileReference; lastKnownFileType = sourcecode.swift; path = LandmarkDetail.swift; sourceTree = "<group>"; };
		6ECF3A7C2A2BFDAF0017B25A /* FavoriteButton.swift */ = {isa = PBXFileReference; lastKnownFileType = sourcecode.swift; path = FavoriteButton.swift; sourceTree = "<group>"; };
/* End PBXFileReference section */

/* Begin PBXFrameworksBuildPhase section */
		6ECF3A542A2BD7700017B25A /* Frameworks */ = {
			isa = PBXFrameworksBuildPhase;
			buildActionMask = 2147483647;
			files = (
			);
			runOnlyForDeploymentPostprocessing = 0;
		};
/* End PBXFrameworksBuildPhase section */

/* Begin PBXGroup section */
		6ECF3A4E2A2BD7700017B25A = {
			isa = PBXGroup;
			children = (
				6ECF3A592A2BD7700017B25A /* Landmarks */,
				6ECF3A582A2BD7700017B25A /* Products */,
			);
			sourceTree = "<group>";
		};
		6ECF3A582A2BD7700017B25A /* Products */ = {
			isa = PBXGroup;
			children = (
				6ECF3A572A2BD7700017B25A /* Landmarks.app */,
			);
			name = Products;
			sourceTree = "<group>";
		};
		6ECF3A592A2BD7700017B25A /* Landmarks */ = {
			isa = PBXGroup;
			children = (
				6ECF3A5A2A2BD7700017B25A /* LandmarksApp.swift */,
				6ECF3A5E2A2BD7710017B25A /* Assets.xcassets */,
				6ECF3A7F2A2BFEE10017B25A /* Helper */,
				6ECF3A7E2A2BFEBF0017B25A /* Landmarks */,
				6ECF3A732A2BE66D0017B25A /* Model */,
				6ECF3A722A2BE6590017B25A /* View */,
				6ECF3A6C2A2BE1780017B25A /* landmarkData.json */,
				6ECF3A602A2BD7710017B25A /* Preview Content */,
			);
			path = Landmarks;
			sourceTree = "<group>";
		};
		6ECF3A602A2BD7710017B25A /* Preview Content */ = {
			isa = PBXGroup;
			children = (
				6ECF3A612A2BD7710017B25A /* Preview Assets.xcassets */,
			);
			path = "Preview Content";
			sourceTree = "<group>";
		};
		6ECF3A722A2BE6590017B25A /* View */ = {
			isa = PBXGroup;
			children = (
				6ECF3A5C2A2BD7700017B25A /* ContentView.swift */,
			);
			path = View;
			sourceTree = "<group>";
		};
		6ECF3A732A2BE66D0017B25A /* Model */ = {
			isa = PBXGroup;
			children = (
				6ECF3A702A2BE3460017B25A /* ModelData.swift */,
				6ECF3A6E2A2BE1950017B25A /* Landmark.swift */,
			);
			path = Model;
			sourceTree = "<group>";
		};
		6ECF3A7E2A2BFEBF0017B25A /* Landmarks */ = {
			isa = PBXGroup;
			children = (
				6ECF3A762A2BE6F20017B25A /* LandmarkRow.swift */,
				6ECF3A782A2BE9A40017B25A /* LandmarkList.swift */,
				6ECF3A7A2A2BEAD10017B25A /* LandmarkDetail.swift */,
			);
			path = Landmarks;
			sourceTree = "<group>";
		};
		6ECF3A7F2A2BFEE10017B25A /* Helper */ = {
			isa = PBXGroup;
			children = (
				6ECF3A682A2BDA3E0017B25A /* CircleImage.swift */,
				6ECF3A7C2A2BFDAF0017B25A /* FavoriteButton.swift */,
				6ECF3A6A2A2BDADB0017B25A /* MapView.swift */,
			);
			path = Helper;
			sourceTree = "<group>";
		};
/* End PBXGroup section */

/* Begin PBXNativeTarget section */
		6ECF3A562A2BD7700017B25A /* Landmarks */ = {
			isa = PBXNativeTarget;
			buildConfigurationList = 6ECF3A652A2BD7710017B25A /* Build configuration list for PBXNativeTarget "Landmarks" */;
			buildPhases = (
				6ECF3A532A2BD7700017B25A /* Sources */,
				6ECF3A542A2BD7700017B25A /* Frameworks */,
				6ECF3A552A2BD7700017B25A /* Resources */,
			);
			buildRules = (
			);
			dependencies = (
			);
			name = Landmarks;
			productName = Landmarks;
			productReference = 6ECF3A572A2BD7700017B25A /* Landmarks.app */;
			productType = "com.apple.product-type.application";
		};
/* End PBXNativeTarget section */

/* Begin PBXProject section */
		6ECF3A4F2A2BD7700017B25A /* Project object */ = {
			isa = PBXProject;
			attributes = {
				BuildIndependentTargetsInParallel = 1;
				LastSwiftUpdateCheck = 1430;
				LastUpgradeCheck = 1430;
				TargetAttributes = {
					6ECF3A562A2BD7700017B25A = {
						CreatedOnToolsVersion = 14.3;
					};
				};
			};
			buildConfigurationList = 6ECF3A522A2BD7700017B25A /* Build configuration list for PBXProject "Landmarks" */;
			compatibilityVersion = "Xcode 14.0";
			developmentRegion = en;
			hasScannedForEncodings = 0;
			knownRegions = (
				en,
				Base,
			);
			mainGroup = 6ECF3A4E2A2BD7700017B25A;
			productRefGroup = 6ECF3A582A2BD7700017B25A /* Products */;
			projectDirPath = "";
			projectRoot = "";
			targets = (
				6ECF3A562A2BD7700017B25A /* Landmarks */,
			);
		};
/* End PBXProject section */

/* Begin PBXResourcesBuildPhase section */
		6ECF3A552A2BD7700017B25A /* Resources */ = {
			isa = PBXResourcesBuildPhase;
			buildActionMask = 2147483647;
			files = (
				6ECF3A622A2BD7710017B25A /* Preview Assets.xcassets in Resources */,
				6ECF3A5F2A2BD7710017B25A /* Assets.xcassets in Resources */,
				6ECF3A6D2A2BE1780017B25A /* landmarkData.json in Resources */,
			);
			runOnlyForDeploymentPostprocessing = 0;
		};
/* End PBXResourcesBuildPhase section */

/* Begin PBXSourcesBuildPhase section */
		6ECF3A532A2BD7700017B25A /* Sources */ = {
			isa = PBXSourcesBuildPhase;
			buildActionMask = 2147483647;
			files = (
				6ECF3A5D2A2BD7700017B25A /* ContentView.swift in Sources */,
				6ECF3A6B2A2BDADB0017B25A /* MapView.swift in Sources */,
				6ECF3A5B2A2BD7700017B25A /* LandmarksApp.swift in Sources */,
				6ECF3A7D2A2BFDAF0017B25A /* FavoriteButton.swift in Sources */,
				6ECF3A792A2BE9A40017B25A /* LandmarkList.swift in Sources */,
				6ECF3A7B2A2BEAD10017B25A /* LandmarkDetail.swift in Sources */,
				6ECF3A692A2BDA3E0017B25A /* CircleImage.swift in Sources */,
				6ECF3A6F2A2BE1950017B25A /* Landmark.swift in Sources */,
				6ECF3A772A2BE6F20017B25A /* LandmarkRow.swift in Sources */,
				6ECF3A712A2BE3460017B25A /* ModelData.swift in Sources */,
			);
			runOnlyForDeploymentPostprocessing = 0;
		};
/* End PBXSourcesBuildPhase section */

/* Begin XCBuildConfiguration section */
		6ECF3A632A2BD7710017B25A /* Debug */ = {
			isa = XCBuildConfiguration;
			buildSettings = {
				ALWAYS_SEARCH_USER_PATHS = NO;
				CLANG_ANALYZER_NONNULL = YES;
				CLANG_ANALYZER_NUMBER_OBJECT_CONVERSION = YES_AGGRESSIVE;
				CLANG_CXX_LANGUAGE_STANDARD = "gnu++20";
				CLANG_ENABLE_MODULES = YES;
				CLANG_ENABLE_OBJC_ARC = YES;
				CLANG_ENABLE_OBJC_WEAK = YES;
				CLANG_WARN_BLOCK_CAPTURE_AUTORELEASING = YES;
				CLANG_WARN_BOOL_CONVERSION = YES;
				CLANG_WARN_COMMA = YES;
				CLANG_WARN_CONSTANT_CONVERSION = YES;
				CLANG_WARN_DEPRECATED_OBJC_IMPLEMENTATIONS = YES;
				CLANG_WARN_DIRECT_OBJC_ISA_USAGE = YES_ERROR;
				CLANG_WARN_DOCUMENTATION_COMMENTS = YES;
				CLANG_WARN_EMPTY_BODY = YES;
				CLANG_WARN_ENUM_CONVERSION = YES;
				CLANG_WARN_INFINITE_RECURSION = YES;
				CLANG_WARN_INT_CONVERSION = YES;
				CLANG_WARN_NON_LITERAL_NULL_CONVERSION = YES;
				CLANG_WARN_OBJC_IMPLICIT_RETAIN_SELF = YES;
				CLANG_WARN_OBJC_LITERAL_CONVERSION = YES;
				CLANG_WARN_OBJC_ROOT_CLASS = YES_ERROR;
				CLANG_WARN_QUOTED_INCLUDE_IN_FRAMEWORK_HEADER = YES;
				CLANG_WARN_RANGE_LOOP_ANALYSIS = YES;
				CLANG_WARN_STRICT_PROTOTYPES = YES;
				CLANG_WARN_SUSPICIOUS_MOVE = YES;
				CLANG_WARN_UNGUARDED_AVAILABILITY = YES_AGGRESSIVE;
				CLANG_WARN_UNREACHABLE_CODE = YES;
				CLANG_WARN__DUPLICATE_METHOD_MATCH = YES;
				COPY_PHASE_STRIP = NO;
				DEBUG_INFORMATION_FORMAT = dwarf;
				ENABLE_STRICT_OBJC_MSGSEND = YES;
				ENABLE_TESTABILITY = YES;
				GCC_C_LANGUAGE_STANDARD = gnu11;
				GCC_DYNAMIC_NO_PIC = NO;
				GCC_NO_COMMON_BLOCKS = YES;
				GCC_OPTIMIZATION_LEVEL = 0;
				GCC_PREPROCESSOR_DEFINITIONS = (
					"DEBUG=1",
					"$(inherited)",
				);
				GCC_WARN_64_TO_32_BIT_CONVERSION = YES;
				GCC_WARN_ABOUT_RETURN_TYPE = YES_ERROR;
				GCC_WARN_UNDECLARED_SELECTOR = YES;
				GCC_WARN_UNINITIALIZED_AUTOS = YES_AGGRESSIVE;
				GCC_WARN_UNUSED_FUNCTION = YES;
				GCC_WARN_UNUSED_VARIABLE = YES;
				IPHONEOS_DEPLOYMENT_TARGET = 16.4;
				MTL_ENABLE_DEBUG_INFO = INCLUDE_SOURCE;
				MTL_FAST_MATH = YES;
				ONLY_ACTIVE_ARCH = YES;
				SDKROOT = iphoneos;
				SWIFT_ACTIVE_COMPILATION_CONDITIONS = DEBUG;
				SWIFT_OPTIMIZATION_LEVEL = "-Onone";
			};
			name = Debug;
		};
		6ECF3A642A2BD7710017B25A /* Release */ = {
			isa = XCBuildConfiguration;
			buildSettings = {
				ALWAYS_SEARCH_USER_PATHS = NO;
				CLANG_ANALYZER_NONNULL = YES;
				CLANG_ANALYZER_NUMBER_OBJECT_CONVERSION = YES_AGGRESSIVE;
				CLANG_CXX_LANGUAGE_STANDARD = "gnu++20";
				CLANG_ENABLE_MODULES = YES;
				CLANG_ENABLE_OBJC_ARC = YES;
				CLANG_ENABLE_OBJC_WEAK = YES;
				CLANG_WARN_BLOCK_CAPTURE_AUTORELEASING = YES;
				CLANG_WARN_BOOL_CONVERSION = YES;
				CLANG_WARN_COMMA = YES;
				CLANG_WARN_CONSTANT_CONVERSION = YES;
				CLANG_WARN_DEPRECATED_OBJC_IMPLEMENTATIONS = YES;
				CLANG_WARN_DIRECT_OBJC_ISA_USAGE = YES_ERROR;
				CLANG_WARN_DOCUMENTATION_COMMENTS = YES;
				CLANG_WARN_EMPTY_BODY = YES;
				CLANG_WARN_ENUM_CONVERSION = YES;
				CLANG_WARN_INFINITE_RECURSION = YES;
				CLANG_WARN_INT_CONVERSION = YES;
				CLANG_WARN_NON_LITERAL_NULL_CONVERSION = YES;
				CLANG_WARN_OBJC_IMPLICIT_RETAIN_SELF = YES;
				CLANG_WARN_OBJC_LITERAL_CONVERSION = YES;
				CLANG_WARN_OBJC_ROOT_CLASS = YES_ERROR;
				CLANG_WARN_QUOTED_INCLUDE_IN_FRAMEWORK_HEADER = YES;
				CLANG_WARN_RANGE_LOOP_ANALYSIS = YES;
				CLANG_WARN_STRICT_PROTOTYPES = YES;
				CLANG_WARN_SUSPICIOUS_MOVE = YES;
				CLANG_WARN_UNGUARDED_AVAILABILITY = YES_AGGRESSIVE;
				CLANG_WARN_UNREACHABLE_CODE = YES;
				CLANG_WARN__DUPLICATE_METHOD_MATCH = YES;
				COPY_PHASE_STRIP = NO;
				DEBUG_INFORMATION_FORMAT = "dwarf-with-dsym";
				ENABLE_NS_ASSERTIONS = NO;
				ENABLE_STRICT_OBJC_MSGSEND = YES;
				GCC_C_LANGUAGE_STANDARD = gnu11;
				GCC_NO_COMMON_BLOCKS = YES;
				GCC_WARN_64_TO_32_BIT_CONVERSION = YES;
				GCC_WARN_ABOUT_RETURN_TYPE = YES_ERROR;
				GCC_WARN_UNDECLARED_SELECTOR = YES;
				GCC_WARN_UNINITIALIZED_AUTOS = YES_AGGRESSIVE;
				GCC_WARN_UNUSED_FUNCTION = YES;
				GCC_WARN_UNUSED_VARIABLE = YES;
				IPHONEOS_DEPLOYMENT_TARGET = 16.4;
				MTL_ENABLE_DEBUG_INFO = NO;
				MTL_FAST_MATH = YES;
				SDKROOT = iphoneos;
				SWIFT_COMPILATION_MODE = wholemodule;
				SWIFT_OPTIMIZATION_LEVEL = "-O";
				VALIDATE_PRODUCT = YES;
			};
			name = Release;
		};
		6ECF3A662A2BD7710017B25A /* Debug */ = {
			isa = XCBuildConfiguration;
			buildSettings = {
				ASSETCATALOG_COMPILER_APPICON_NAME = AppIcon;
				ASSETCATALOG_COMPILER_GLOBAL_ACCENT_COLOR_NAME = AccentColor;
				CODE_SIGN_STYLE = Automatic;
				CURRENT_PROJECT_VERSION = 1;
				DEVELOPMENT_ASSET_PATHS = "\"Landmarks/Preview Content\"";
				ENABLE_PREVIEWS = YES;
				GENERATE_INFOPLIST_FILE = YES;
				INFOPLIST_KEY_UIApplicationSceneManifest_Generation = YES;
				INFOPLIST_KEY_UIApplicationSupportsIndirectInputEvents = YES;
				INFOPLIST_KEY_UILaunchScreen_Generation = YES;
				INFOPLIST_KEY_UISupportedInterfaceOrientations_iPad = "UIInterfaceOrientationPortrait UIInterfaceOrientationPortraitUpsideDown UIInterfaceOrientationLandscapeLeft UIInterfaceOrientationLandscapeRight";
				INFOPLIST_KEY_UISupportedInterfaceOrientations_iPhone = "UIInterfaceOrientationPortrait UIInterfaceOrientationLandscapeLeft UIInterfaceOrientationLandscapeRight";
				LD_RUNPATH_SEARCH_PATHS = (
					"$(inherited)",
					"@executable_path/Frameworks",
				);
				MARKETING_VERSION = 1.0;
				PRODUCT_BUNDLE_IDENTIFIER = com.google.gkhkaya.Landmarks;
				PRODUCT_NAME = "$(TARGET_NAME)";
				SWIFT_EMIT_LOC_STRINGS = YES;
				SWIFT_VERSION = 5.0;
				TARGETED_DEVICE_FAMILY = "1,2";
			};
			name = Debug;
		};
		6ECF3A672A2BD7710017B25A /* Release */ = {
			isa = XCBuildConfiguration;
			buildSettings = {
				ASSETCATALOG_COMPILER_APPICON_NAME = AppIcon;
				ASSETCATALOG_COMPILER_GLOBAL_ACCENT_COLOR_NAME = AccentColor;
				CODE_SIGN_STYLE = Automatic;
				CURRENT_PROJECT_VERSION = 1;
				DEVELOPMENT_ASSET_PATHS = "\"Landmarks/Preview Content\"";
				ENABLE_PREVIEWS = YES;
				GENERATE_INFOPLIST_FILE = YES;
				INFOPLIST_KEY_UIApplicationSceneManifest_Generation = YES;
				INFOPLIST_KEY_UIApplicationSupportsIndirectInputEvents = YES;
				INFOPLIST_KEY_UILaunchScreen_Generation = YES;
				INFOPLIST_KEY_UISupportedInterfaceOrientations_iPad = "UIInterfaceOrientationPortrait UIInterfaceOrientationPortraitUpsideDown UIInterfaceOrientationLandscapeLeft UIInterfaceOrientationLandscapeRight";
				INFOPLIST_KEY_UISupportedInterfaceOrientations_iPhone = "UIInterfaceOrientationPortrait UIInterfaceOrientationLandscapeLeft UIInterfaceOrientationLandscapeRight";
				LD_RUNPATH_SEARCH_PATHS = (
					"$(inherited)",
					"@executable_path/Frameworks",
				);
				MARKETING_VERSION = 1.0;
				PRODUCT_BUNDLE_IDENTIFIER = com.google.gkhkaya.Landmarks;
				PRODUCT_NAME = "$(TARGET_NAME)";
				SWIFT_EMIT_LOC_STRINGS = YES;
				SWIFT_VERSION = 5.0;
				TARGETED_DEVICE_FAMILY = "1,2";
			};
			name = Release;
		};
/* End XCBuildConfiguration section */

/* Begin XCConfigurationList section */
		6ECF3A522A2BD7700017B25A /* Build configuration list for PBXProject "Landmarks" */ = {
			isa = XCConfigurationList;
			buildConfigurations = (
				6ECF3A632A2BD7710017B25A /* Debug */,
				6ECF3A642A2BD7710017B25A /* Release */,
			);
			defaultConfigurationIsVisible = 0;
			defaultConfigurationName = Release;
		};
		6ECF3A652A2BD7710017B25A /* Build configuration list for PBXNativeTarget "Landmarks" */ = {
			isa = XCConfigurationList;
			buildConfigurations = (
				6ECF3A662A2BD7710017B25A /* Debug */,
				6ECF3A672A2BD7710017B25A /* Release */,
			);
			defaultConfigurationIsVisible = 0;
			defaultConfigurationName = Release;
		};
/* End XCConfigurationList section */
	};
	rootObject = 6ECF3A4F2A2BD7700017B25A /* Project object */;
}
